
Microsoft Visual Studio Solution File, Format Version 12.00
# Visual Studio Version 16
VisualStudioVersion = 16.0.30223.230
MinimumVisualStudioVersion = 10.0.40219.1
Project("{9A19103F-16F7-4668-BE54-9A1E7A4F7556}") = "DB", "DB\DB.csproj", "{D3E16B9C-DC0C-41F7-8451-0BEDA8009375}"
EndProject
Project("{9A19103F-16F7-4668-BE54-9A1E7A4F7556}") = "Infrastructures", "Infrastructures\Infrastructures.csproj", "{5B6598E2-F265-42AD-85C8-7E902397ABCB}"
EndProject
Project("{2150E333-8FDC-42A3-9474-1A3956D46DE8}") = "ScreamSln", "ScreamSln", "{5FF215C5-A25F-416F-825E-6D2D91B4FEE6}"
EndProject
Project("{2150E333-8FDC-42A3-9474-1A3956D46DE8}") = "WebAPISln", "WebAPISln", "{70638E3A-3B0B-4DBF-A0FE-686A3243C8A1}"
EndProject
Project("{9A19103F-16F7-4668-BE54-9A1E7A4F7556}") = "ScreamBackend", "WebAPISln\ScreamBackend\ScreamBackend.csproj", "{E7705F6E-C00D-4A76-A87F-C4F55FC814AB}"
EndProject
Project("{9A19103F-16F7-4668-BE54-9A1E7A4F7556}") = "IntegrationTests", "WebAPISln\IntegrationTests\IntegrationTests.csproj", "{41DDE0E2-A87B-45AA-99AF-E24F4C378E2D}"
EndProject
Project("{9A19103F-16F7-4668-BE54-9A1E7A4F7556}") = "Screams", "ScreamSln\Screams\Screams.csproj", "{D035E5AC-4AA4-40EB-814D-A18BB6652A02}"
EndProject
Project("{9A19103F-16F7-4668-BE54-9A1E7A4F7556}") = "ScreamsTest", "ScreamSln\Test\ScreamsTest.csproj", "{9815EFAE-E04F-4256-8CA3-362D90FE2218}"
EndProject
Project("{2150E333-8FDC-42A3-9474-1A3956D46DE8}") = "UserSln", "UserSln", "{F084B9FA-9F23-42AC-82F4-97E63336998D}"
EndProject
Project("{9A19103F-16F7-4668-BE54-9A1E7A4F7556}") = "Accounts", "UserSln\Accounts\Accounts.csproj", "{B8054905-4818-47DB-9FED-4A9BC33806E5}"
EndProject
Project("{FAE04EC0-301F-11D3-BF4B-00C04F79EFBC}") = "AccountsTest", "UserSln\AccountsTest\AccountsTest.csproj", "{860FEAE0-8529-4B92-B0FA-9C973DA79A02}"
EndProject
Global
	GlobalSection(SolutionConfigurationPlatforms) = preSolution
		Debug|Any CPU = Debug|Any CPU
		Release|Any CPU = Release|Any CPU
	EndGlobalSection
	GlobalSection(ProjectConfigurationPlatforms) = postSolution
		{D3E16B9C-DC0C-41F7-8451-0BEDA8009375}.Debug|Any CPU.ActiveCfg = Debug|Any CPU
		{D3E16B9C-DC0C-41F7-8451-0BEDA8009375}.Debug|Any CPU.Build.0 = Debug|Any CPU
		{D3E16B9C-DC0C-41F7-8451-0BEDA8009375}.Release|Any CPU.ActiveCfg = Release|Any CPU
		{D3E16B9C-DC0C-41F7-8451-0BEDA8009375}.Release|Any CPU.Build.0 = Release|Any CPU
		{5B6598E2-F265-42AD-85C8-7E902397ABCB}.Debug|Any CPU.ActiveCfg = Debug|Any CPU
		{5B6598E2-F265-42AD-85C8-7E902397ABCB}.Debug|Any CPU.Build.0 = Debug|Any CPU
		{5B6598E2-F265-42AD-85C8-7E902397ABCB}.Release|Any CPU.ActiveCfg = Release|Any CPU
		{5B6598E2-F265-42AD-85C8-7E902397ABCB}.Release|Any CPU.Build.0 = Release|Any CPU
		{E7705F6E-C00D-4A76-A87F-C4F55FC814AB}.Debug|Any CPU.ActiveCfg = Debug|Any CPU
		{E7705F6E-C00D-4A76-A87F-C4F55FC814AB}.Debug|Any CPU.Build.0 = Debug|Any CPU
		{E7705F6E-C00D-4A76-A87F-C4F55FC814AB}.Release|Any CPU.ActiveCfg = Release|Any CPU
		{E7705F6E-C00D-4A76-A87F-C4F55FC814AB}.Release|Any CPU.Build.0 = Release|Any CPU
		{41DDE0E2-A87B-45AA-99AF-E24F4C378E2D}.Debug|Any CPU.ActiveCfg = Debug|Any CPU
		{41DDE0E2-A87B-45AA-99AF-E24F4C378E2D}.Debug|Any CPU.Build.0 = Debug|Any CPU
		{41DDE0E2-A87B-45AA-99AF-E24F4C378E2D}.Release|Any CPU.ActiveCfg = Release|Any CPU
		{41DDE0E2-A87B-45AA-99AF-E24F4C378E2D}.Release|Any CPU.Build.0 = Release|Any CPU
		{D035E5AC-4AA4-40EB-814D-A18BB6652A02}.Debug|Any CPU.ActiveCfg = Debug|Any CPU
		{D035E5AC-4AA4-40EB-814D-A18BB6652A02}.Debug|Any CPU.Build.0 = Debug|Any CPU
		{D035E5AC-4AA4-40EB-814D-A18BB6652A02}.Release|Any CPU.ActiveCfg = Release|Any CPU
		{D035E5AC-4AA4-40EB-814D-A18BB6652A02}.Release|Any CPU.Build.0 = Release|Any CPU
		{9815EFAE-E04F-4256-8CA3-362D90FE2218}.Debug|Any CPU.ActiveCfg = Debug|Any CPU
		{9815EFAE-E04F-4256-8CA3-362D90FE2218}.Debug|Any CPU.Build.0 = Debug|Any CPU
		{9815EFAE-E04F-4256-8CA3-362D90FE2218}.Release|Any CPU.ActiveCfg = Release|Any CPU
		{9815EFAE-E04F-4256-8CA3-362D90FE2218}.Release|Any CPU.Build.0 = Release|Any CPU
		{B8054905-4818-47DB-9FED-4A9BC33806E5}.Debug|Any CPU.ActiveCfg = Debug|Any CPU
		{B8054905-4818-47DB-9FED-4A9BC33806E5}.Debug|Any CPU.Build.0 = Debug|Any CPU
		{B8054905-4818-47DB-9FED-4A9BC33806E5}.Release|Any CPU.ActiveCfg = Release|Any CPU
		{B8054905-4818-47DB-9FED-4A9BC33806E5}.Release|Any CPU.Build.0 = Release|Any CPU
		{860FEAE0-8529-4B92-B0FA-9C973DA79A02}.Debug|Any CPU.ActiveCfg = Debug|Any CPU
		{860FEAE0-8529-4B92-B0FA-9C973DA79A02}.Debug|Any CPU.Build.0 = Debug|Any CPU
		{860FEAE0-8529-4B92-B0FA-9C973DA79A02}.Release|Any CPU.ActiveCfg = Release|Any CPU
		{860FEAE0-8529-4B92-B0FA-9C973DA79A02}.Release|Any CPU.Build.0 = Release|Any CPU
	EndGlobalSection
	GlobalSection(SolutionProperties) = preSolution
		HideSolutionNode = FALSE
	EndGlobalSection
	GlobalSection(NestedProjects) = preSolution
		{E7705F6E-C00D-4A76-A87F-C4F55FC814AB} = {70638E3A-3B0B-4DBF-A0FE-686A3243C8A1}
		{41DDE0E2-A87B-45AA-99AF-E24F4C378E2D} = {70638E3A-3B0B-4DBF-A0FE-686A3243C8A1}
		{D035E5AC-4AA4-40EB-814D-A18BB6652A02} = {5FF215C5-A25F-416F-825E-6D2D91B4FEE6}
		{9815EFAE-E04F-4256-8CA3-362D90FE2218} = {5FF215C5-A25F-416F-825E-6D2D91B4FEE6}
		{B8054905-4818-47DB-9FED-4A9BC33806E5} = {F084B9FA-9F23-42AC-82F4-97E63336998D}
		{860FEAE0-8529-4B92-B0FA-9C973DA79A02} = {F084B9FA-9F23-42AC-82F4-97E63336998D}
	EndGlobalSection
	GlobalSection(ExtensibilityGlobals) = postSolution
		SolutionGuid = {E8313036-4070-4B82-A49F-97C6C54CFC36}
	EndGlobalSection
EndGlobal
